// !$*UTF8*$!
{
	archiveVersion = 1;
	classes = {
	};
	objectVersion = 56;
	objects = {

/* Begin PBXBuildFile section */
		57452005B43B6354DF950A73 /* Pods_M19.framework in Frameworks */ = {isa = PBXBuildFile; fileRef = 0F52B724DD89738D1F193CE9 /* Pods_M19.framework */; };
		9E0D305529790FD000D96A92 /* AppDelegate.swift in Sources */ = {isa = PBXBuildFile; fileRef = 9E0D305429790FD000D96A92 /* AppDelegate.swift */; };
		9E0D305729790FD000D96A92 /* SceneDelegate.swift in Sources */ = {isa = PBXBuildFile; fileRef = 9E0D305629790FD000D96A92 /* SceneDelegate.swift */; };
		9E0D305929790FD000D96A92 /* ViewController.swift in Sources */ = {isa = PBXBuildFile; fileRef = 9E0D305829790FD000D96A92 /* ViewController.swift */; };
		9E0D305C29790FD000D96A92 /* Main.storyboard in Resources */ = {isa = PBXBuildFile; fileRef = 9E0D305A29790FD000D96A92 /* Main.storyboard */; };
		9E0D305E29790FD600D96A92 /* Assets.xcassets in Resources */ = {isa = PBXBuildFile; fileRef = 9E0D305D29790FD600D96A92 /* Assets.xcassets */; };
		9E0D306129790FD600D96A92 /* LaunchScreen.storyboard in Resources */ = {isa = PBXBuildFile; fileRef = 9E0D305F29790FD600D96A92 /* LaunchScreen.storyboard */; };
		9E0D3069297998B100D96A92 /* URLmodel.swift in Sources */ = {isa = PBXBuildFile; fileRef = 9E0D3068297998B100D96A92 /* URLmodel.swift */; };
/* End PBXBuildFile section */

/* Begin PBXFileReference section */
		0F52B724DD89738D1F193CE9 /* Pods_M19.framework */ = {isa = PBXFileReference; explicitFileType = wrapper.framework; includeInIndex = 0; path = Pods_M19.framework; sourceTree = BUILT_PRODUCTS_DIR; };
		158532AA58E79078199C4AAF /* Pods-M19.release.xcconfig */ = {isa = PBXFileReference; includeInIndex = 1; lastKnownFileType = text.xcconfig; name = "Pods-M19.release.xcconfig"; path = "Target Support Files/Pods-M19/Pods-M19.release.xcconfig"; sourceTree = "<group>"; };
		61E1072923F6E09BFE7F2C59 /* Pods-M19.debug.xcconfig */ = {isa = PBXFileReference; includeInIndex = 1; lastKnownFileType = text.xcconfig; name = "Pods-M19.debug.xcconfig"; path = "Target Support Files/Pods-M19/Pods-M19.debug.xcconfig"; sourceTree = "<group>"; };
		9E0D305129790FD000D96A92 /* Application-to-submit.app */ = {isa = PBXFileReference; explicitFileType = wrapper.application; includeInIndex = 0; path = "Application-to-submit.app"; sourceTree = BUILT_PRODUCTS_DIR; };
		9E0D305429790FD000D96A92 /* AppDelegate.swift */ = {isa = PBXFileReference; lastKnownFileType = sourcecode.swift; path = AppDelegate.swift; sourceTree = "<group>"; };
		9E0D305629790FD000D96A92 /* SceneDelegate.swift */ = {isa = PBXFileReference; lastKnownFileType = sourcecode.swift; path = SceneDelegate.swift; sourceTree = "<group>"; };
		9E0D305829790FD000D96A92 /* ViewController.swift */ = {isa = PBXFileReference; lastKnownFileType = sourcecode.swift; path = ViewController.swift; sourceTree = "<group>"; };
		9E0D305B29790FD000D96A92 /* Base */ = {isa = PBXFileReference; lastKnownFileType = file.storyboard; name = Base; path = Base.lproj/Main.storyboard; sourceTree = "<group>"; };
		9E0D305D29790FD600D96A92 /* Assets.xcassets */ = {isa = PBXFileReference; lastKnownFileType = folder.assetcatalog; path = Assets.xcassets; sourceTree = "<group>"; };
		9E0D306029790FD600D96A92 /* Base */ = {isa = PBXFileReference; lastKnownFileType = file.storyboard; name = Base; path = Base.lproj/LaunchScreen.storyboard; sourceTree = "<group>"; };
		9E0D306229790FD600D96A92 /* Info.plist */ = {isa = PBXFileReference; lastKnownFileType = text.plist.xml; path = Info.plist; sourceTree = "<group>"; };
		9E0D3068297998B100D96A92 /* URLmodel.swift */ = {isa = PBXFileReference; lastKnownFileType = sourcecode.swift; path = URLmodel.swift; sourceTree = "<group>"; };
/* End PBXFileReference section */

/* Begin PBXFrameworksBuildPhase section */
		9E0D304E29790FD000D96A92 /* Frameworks */ = {
			isa = PBXFrameworksBuildPhase;
			buildActionMask = 2147483647;
			files = (
				57452005B43B6354DF950A73 /* Pods_M19.framework in Frameworks */,
			);
			runOnlyForDeploymentPostprocessing = 0;
		};
/* End PBXFrameworksBuildPhase section */

/* Begin PBXGroup section */
		9E0D304829790FD000D96A92 = {
			isa = PBXGroup;
			children = (
				9E0D305329790FD000D96A92 /* Application-to-submit */,
				9E0D305229790FD000D96A92 /* Products */,
				AA08E5D01E6DB8E591E8E1F2 /* Pods */,
				CAD7E803C8D1A6DBCD1F6346 /* Frameworks */,
			);
			sourceTree = "<group>";
		};
		9E0D305229790FD000D96A92 /* Products */ = {
			isa = PBXGroup;
			children = (
				9E0D305129790FD000D96A92 /* Application-to-submit.app */,
			);
			name = Products;
			sourceTree = "<group>";
		};
		9E0D305329790FD000D96A92 /* Application-to-submit */ = {
			isa = PBXGroup;
			children = (
				9E0D305429790FD000D96A92 /* AppDelegate.swift */,
				9E0D305629790FD000D96A92 /* SceneDelegate.swift */,
				9E0D305829790FD000D96A92 /* ViewController.swift */,
				9E0D3068297998B100D96A92 /* URLmodel.swift */,
				9E0D305A29790FD000D96A92 /* Main.storyboard */,
				9E0D305D29790FD600D96A92 /* Assets.xcassets */,
				9E0D305F29790FD600D96A92 /* LaunchScreen.storyboard */,
				9E0D306229790FD600D96A92 /* Info.plist */,
			);
			path = "Application-to-submit";
			sourceTree = "<group>";
		};
		AA08E5D01E6DB8E591E8E1F2 /* Pods */ = {
			isa = PBXGroup;
			children = (
				61E1072923F6E09BFE7F2C59 /* Pods-M19.debug.xcconfig */,
				158532AA58E79078199C4AAF /* Pods-M19.release.xcconfig */,
			);
			path = Pods;
			sourceTree = "<group>";
		};
		CAD7E803C8D1A6DBCD1F6346 /* Frameworks */ = {
			isa = PBXGroup;
			children = (
				0F52B724DD89738D1F193CE9 /* Pods_M19.framework */,
			);
			name = Frameworks;
			sourceTree = "<group>";
		};
/* End PBXGroup section */

/* Begin PBXNativeTarget section */
		9E0D305029790FD000D96A92 /* Application-to-submit */ = {
			isa = PBXNativeTarget;
			buildConfigurationList = 9E0D306529790FD600D96A92 /* Build configuration list for PBXNativeTarget "Application-to-submit" */;
			buildPhases = (
				5E7DD05F23A8A6FB5F2C9FD9 /* [CP] Check Pods Manifest.lock */,
				9E0D304D29790FD000D96A92 /* Sources */,
				9E0D304E29790FD000D96A92 /* Frameworks */,
				9E0D304F29790FD000D96A92 /* Resources */,
				DBC409662EEB800865BA5AAB /* [CP] Embed Pods Frameworks */,
			);
			buildRules = (
			);
			dependencies = (
			);
			name = "Application-to-submit";
			productName = M19;
			productReference = 9E0D305129790FD000D96A92 /* Application-to-submit.app */;
			productType = "com.apple.product-type.application";
		};
/* End PBXNativeTarget section */

/* Begin PBXProject section */
		9E0D304929790FD000D96A92 /* Project object */ = {
			isa = PBXProject;
			attributes = {
				BuildIndependentTargetsInParallel = 1;
				LastSwiftUpdateCheck = 1400;
				LastUpgradeCheck = 1400;
				TargetAttributes = {
					9E0D305029790FD000D96A92 = {
						CreatedOnToolsVersion = 14.0;
					};
				};
			};
			buildConfigurationList = 9E0D304C29790FD000D96A92 /* Build configuration list for PBXProject "Application-to-submit" */;
			compatibilityVersion = "Xcode 14.0";
			developmentRegion = en;
			hasScannedForEncodings = 0;
			knownRegions = (
				en,
				Base,
			);
			mainGroup = 9E0D304829790FD000D96A92;
			productRefGroup = 9E0D305229790FD000D96A92 /* Products */;
			projectDirPath = "";
			projectRoot = "";
			targets = (
				9E0D305029790FD000D96A92 /* Application-to-submit */,
			);
		};
/* End PBXProject section */

/* Begin PBXResourcesBuildPhase section */
		9E0D304F29790FD000D96A92 /* Resources */ = {
			isa = PBXResourcesBuildPhase;
			buildActionMask = 2147483647;
			files = (
				9E0D306129790FD600D96A92 /* LaunchScreen.storyboard in Resources */,
				9E0D305E29790FD600D96A92 /* Assets.xcassets in Resources */,
				9E0D305C29790FD000D96A92 /* Main.storyboard in Resources */,
			);
			runOnlyForDeploymentPostprocessing = 0;
		};
/* End PBXResourcesBuildPhase section */

/* Begin PBXShellScriptBuildPhase section */
		5E7DD05F23A8A6FB5F2C9FD9 /* [CP] Check Pods Manifest.lock */ = {
			isa = PBXShellScriptBuildPhase;
			buildActionMask = 2147483647;
			files = (
			);
			inputFileListPaths = (
			);
			inputPaths = (
				"${PODS_PODFILE_DIR_PATH}/Podfile.lock",
				"${PODS_ROOT}/Manifest.lock",
			);
			name = "[CP] Check Pods Manifest.lock";
			outputFileListPaths = (
			);
			outputPaths = (
				"$(DERIVED_FILE_DIR)/Pods-M19-checkManifestLockResult.txt",
			);
			runOnlyForDeploymentPostprocessing = 0;
			shellPath = /bin/sh;
			shellScript = "diff \"${PODS_PODFILE_DIR_PATH}/Podfile.lock\" \"${PODS_ROOT}/Manifest.lock\" > /dev/null\nif [ $? != 0 ] ; then\n    # print error to STDERR\n    echo \"error: The sandbox is not in sync with the Podfile.lock. Run 'pod install' or update your CocoaPods installation.\" >&2\n    exit 1\nfi\n# This output is used by Xcode 'outputs' to avoid re-running this script phase.\necho \"SUCCESS\" > \"${SCRIPT_OUTPUT_FILE_0}\"\n";
			showEnvVarsInLog = 0;
		};
		DBC409662EEB800865BA5AAB /* [CP] Embed Pods Frameworks */ = {
			isa = PBXShellScriptBuildPhase;
			buildActionMask = 2147483647;
			files = (
			);
			inputFileListPaths = (
				"${PODS_ROOT}/Target Support Files/Pods-M19/Pods-M19-frameworks-${CONFIGURATION}-input-files.xcfilelist",
			);
			name = "[CP] Embed Pods Frameworks";
			outputFileListPaths = (
				"${PODS_ROOT}/Target Support Files/Pods-M19/Pods-M19-frameworks-${CONFIGURATION}-output-files.xcfilelist",
			);
			runOnlyForDeploymentPostprocessing = 0;
			shellPath = /bin/sh;
			shellScript = "\"${PODS_ROOT}/Target Support Files/Pods-M19/Pods-M19-frameworks.sh\"\n";
			showEnvVarsInLog = 0;
		};
/* End PBXShellScriptBuildPhase section */

/* Begin PBXSourcesBuildPhase section */
		9E0D304D29790FD000D96A92 /* Sources */ = {
			isa = PBXSourcesBuildPhase;
			buildActionMask = 2147483647;
			files = (
				9E0D305929790FD000D96A92 /* ViewController.swift in Sources */,
				9E0D3069297998B100D96A92 /* URLmodel.swift in Sources */,
				9E0D305529790FD000D96A92 /* AppDelegate.swift in Sources */,
				9E0D305729790FD000D96A92 /* SceneDelegate.swift in Sources */,
			);
			runOnlyForDeploymentPostprocessing = 0;
		};
/* End PBXSourcesBuildPhase section */

/* Begin PBXVariantGroup section */
		9E0D305A29790FD000D96A92 /* Main.storyboard */ = {
			isa = PBXVariantGroup;
			children = (
				9E0D305B29790FD000D96A92 /* Base */,
			);
			name = Main.storyboard;
			sourceTree = "<group>";
		};
		9E0D305F29790FD600D96A92 /* LaunchScreen.storyboard */ = {
			isa = PBXVariantGroup;
			children = (
				9E0D306029790FD600D96A92 /* Base */,
			);
			name = LaunchScreen.storyboard;
			sourceTree = "<group>";
		};
/* End PBXVariantGroup section */

/* Begin XCBuildConfiguration section */
		9E0D306329790FD600D96A92 /* Debug */ = {
			isa = XCBuildConfiguration;
			buildSettings = {
				ALWAYS_SEARCH_USER_PATHS = NO;
				CLANG_ANALYZER_NONNULL = YES;
				CLANG_ANALYZER_NUMBER_OBJECT_CONVERSION = YES_AGGRESSIVE;
				CLANG_CXX_LANGUAGE_STANDARD = "gnu++20";
				CLANG_ENABLE_MODULES = YES;
				CLANG_ENABLE_OBJC_ARC = YES;
				CLANG_ENABLE_OBJC_WEAK = YES;
				CLANG_WARN_BLOCK_CAPTURE_AUTORELEASING = YES;
				CLANG_WARN_BOOL_CONVERSION = YES;
				CLANG_WARN_COMMA = YES;
				CLANG_WARN_CONSTANT_CONVERSION = YES;
				CLANG_WARN_DEPRECATED_OBJC_IMPLEMENTATIONS = YES;
				CLANG_WARN_DIRECT_OBJC_ISA_USAGE = YES_ERROR;
				CLANG_WARN_DOCUMENTATION_COMMENTS = YES;
				CLANG_WARN_EMPTY_BODY = YES;
				CLANG_WARN_ENUM_CONVERSION = YES;
				CLANG_WARN_INFINITE_RECURSION = YES;
				CLANG_WARN_INT_CONVERSION = YES;
				CLANG_WARN_NON_LITERAL_NULL_CONVERSION = YES;
				CLANG_WARN_OBJC_IMPLICIT_RETAIN_SELF = YES;
				CLANG_WARN_OBJC_LITERAL_CONVERSION = YES;
				CLANG_WARN_OBJC_ROOT_CLASS = YES_ERROR;
				CLANG_WARN_QUOTED_INCLUDE_IN_FRAMEWORK_HEADER = YES;
				CLANG_WARN_RANGE_LOOP_ANALYSIS = YES;
				CLANG_WARN_STRICT_PROTOTYPES = YES;
				CLANG_WARN_SUSPICIOUS_MOVE = YES;
				CLANG_WARN_UNGUARDED_AVAILABILITY = YES_AGGRESSIVE;
				CLANG_WARN_UNREACHABLE_CODE = YES;
				CLANG_WARN__DUPLICATE_METHOD_MATCH = YES;
				COPY_PHASE_STRIP = NO;
				DEBUG_INFORMATION_FORMAT = dwarf;
				ENABLE_STRICT_OBJC_MSGSEND = YES;
				ENABLE_TESTABILITY = YES;
				GCC_C_LANGUAGE_STANDARD = gnu11;
				GCC_DYNAMIC_NO_PIC = NO;
				GCC_NO_COMMON_BLOCKS = YES;
				GCC_OPTIMIZATION_LEVEL = 0;
				GCC_PREPROCESSOR_DEFINITIONS = (
					"DEBUG=1",
					"$(inherited)",
				);
				GCC_WARN_64_TO_32_BIT_CONVERSION = YES;
				GCC_WARN_ABOUT_RETURN_TYPE = YES_ERROR;
				GCC_WARN_UNDECLARED_SELECTOR = YES;
				GCC_WARN_UNINITIALIZED_AUTOS = YES_AGGRESSIVE;
				GCC_WARN_UNUSED_FUNCTION = YES;
				GCC_WARN_UNUSED_VARIABLE = YES;
				IPHONEOS_DEPLOYMENT_TARGET = 16.0;
				MTL_ENABLE_DEBUG_INFO = INCLUDE_SOURCE;
				MTL_FAST_MATH = YES;
				ONLY_ACTIVE_ARCH = YES;
				SDKROOT = iphoneos;
				SWIFT_ACTIVE_COMPILATION_CONDITIONS = DEBUG;
				SWIFT_OPTIMIZATION_LEVEL = "-Onone";
			};
			name = Debug;
		};
		9E0D306429790FD600D96A92 /* Release */ = {
			isa = XCBuildConfiguration;
			buildSettings = {
				ALWAYS_SEARCH_USER_PATHS = NO;
				CLANG_ANALYZER_NONNULL = YES;
				CLANG_ANALYZER_NUMBER_OBJECT_CONVERSION = YES_AGGRESSIVE;
				CLANG_CXX_LANGUAGE_STANDARD = "gnu++20";
				CLANG_ENABLE_MODULES = YES;
				CLANG_ENABLE_OBJC_ARC = YES;
				CLANG_ENABLE_OBJC_WEAK = YES;
				CLANG_WARN_BLOCK_CAPTURE_AUTORELEASING = YES;
				CLANG_WARN_BOOL_CONVERSION = YES;
				CLANG_WARN_COMMA = YES;
				CLANG_WARN_CONSTANT_CONVERSION = YES;
				CLANG_WARN_DEPRECATED_OBJC_IMPLEMENTATIONS = YES;
				CLANG_WARN_DIRECT_OBJC_ISA_USAGE = YES_ERROR;
				CLANG_WARN_DOCUMENTATION_COMMENTS = YES;
				CLANG_WARN_EMPTY_BODY = YES;
				CLANG_WARN_ENUM_CONVERSION = YES;
				CLANG_WARN_INFINITE_RECURSION = YES;
				CLANG_WARN_INT_CONVERSION = YES;
				CLANG_WARN_NON_LITERAL_NULL_CONVERSION = YES;
				CLANG_WARN_OBJC_IMPLICIT_RETAIN_SELF = YES;
				CLANG_WARN_OBJC_LITERAL_CONVERSION = YES;
				CLANG_WARN_OBJC_ROOT_CLASS = YES_ERROR;
				CLANG_WARN_QUOTED_INCLUDE_IN_FRAMEWORK_HEADER = YES;
				CLANG_WARN_RANGE_LOOP_ANALYSIS = YES;
				CLANG_WARN_STRICT_PROTOTYPES = YES;
				CLANG_WARN_SUSPICIOUS_MOVE = YES;
				CLANG_WARN_UNGUARDED_AVAILABILITY = YES_AGGRESSIVE;
				CLANG_WARN_UNREACHABLE_CODE = YES;
				CLANG_WARN__DUPLICATE_METHOD_MATCH = YES;
				COPY_PHASE_STRIP = NO;
				DEBUG_INFORMATION_FORMAT = "dwarf-with-dsym";
				ENABLE_NS_ASSERTIONS = NO;
				ENABLE_STRICT_OBJC_MSGSEND = YES;
				GCC_C_LANGUAGE_STANDARD = gnu11;
				GCC_NO_COMMON_BLOCKS = YES;
				GCC_WARN_64_TO_32_BIT_CONVERSION = YES;
				GCC_WARN_ABOUT_RETURN_TYPE = YES_ERROR;
				GCC_WARN_UNDECLARED_SELECTOR = YES;
				GCC_WARN_UNINITIALIZED_AUTOS = YES_AGGRESSIVE;
				GCC_WARN_UNUSED_FUNCTION = YES;
				GCC_WARN_UNUSED_VARIABLE = YES;
				IPHONEOS_DEPLOYMENT_TARGET = 16.0;
				MTL_ENABLE_DEBUG_INFO = NO;
				MTL_FAST_MATH = YES;
				SDKROOT = iphoneos;
				SWIFT_COMPILATION_MODE = wholemodule;
				SWIFT_OPTIMIZATION_LEVEL = "-O";
				VALIDATE_PRODUCT = YES;
			};
			name = Release;
		};
		9E0D306629790FD600D96A92 /* Debug */ = {
			isa = XCBuildConfiguration;
			baseConfigurationReference = 61E1072923F6E09BFE7F2C59 /* Pods-M19.debug.xcconfig */;
			buildSettings = {
				ASSETCATALOG_COMPILER_APPICON_NAME = AppIcon;
				ASSETCATALOG_COMPILER_GLOBAL_ACCENT_COLOR_NAME = AccentColor;
				CODE_SIGN_STYLE = Automatic;
				CURRENT_PROJECT_VERSION = 1;
				GENERATE_INFOPLIST_FILE = YES;
				INFOPLIST_FILE = "Application-to-submit/Info.plist";
				INFOPLIST_KEY_UIApplicationSupportsIndirectInputEvents = YES;
				INFOPLIST_KEY_UILaunchStoryboardName = LaunchScreen;
				INFOPLIST_KEY_UIMainStoryboardFile = Main;
				INFOPLIST_KEY_UISupportedInterfaceOrientations_iPad = "UIInterfaceOrientationPortrait UIInterfaceOrientationPortraitUpsideDown UIInterfaceOrientationLandscapeLeft UIInterfaceOrientationLandscapeRight";
				INFOPLIST_KEY_UISupportedInterfaceOrientations_iPhone = "UIInterfaceOrientationPortrait UIInterfaceOrientationLandscapeLeft UIInterfaceOrientationLandscapeRight";
				LD_RUNPATH_SEARCH_PATHS = (
					"$(inherited)",
					"@executable_path/Frameworks",
				);
				MARKETING_VERSION = 1.0;
				PRODUCT_BUNDLE_IDENTIFIER = "YuriyGoga.Application-to-submit";
				PRODUCT_NAME = "$(TARGET_NAME)";
				SWIFT_EMIT_LOC_STRINGS = YES;
				SWIFT_VERSION = 5.0;
				TARGETED_DEVICE_FAMILY = "1,2";
			};
			name = Debug;
		};
		9E0D306729790FD600D96A92 /* Release */ = {
			isa = XCBuildConfiguration;
			baseConfigurationReference = 158532AA58E79078199C4AAF /* Pods-M19.release.xcconfig */;
			buildSettings = {
				ASSETCATALOG_COMPILER_APPICON_NAME = AppIcon;
				ASSETCATALOG_COMPILER_GLOBAL_ACCENT_COLOR_NAME = AccentColor;
				CODE_SIGN_STYLE = Automatic;
				CURRENT_PROJECT_VERSION = 1;
				GENERATE_INFOPLIST_FILE = YES;
				INFOPLIST_FILE = "Application-to-submit/Info.plist";
				INFOPLIST_KEY_UIApplicationSupportsIndirectInputEvents = YES;
				INFOPLIST_KEY_UILaunchStoryboardName = LaunchScreen;
				INFOPLIST_KEY_UIMainStoryboardFile = Main;
				INFOPLIST_KEY_UISupportedInterfaceOrientations_iPad = "UIInterfaceOrientationPortrait UIInterfaceOrientationPortraitUpsideDown UIInterfaceOrientationLandscapeLeft UIInterfaceOrientationLandscapeRight";
				INFOPLIST_KEY_UISupportedInterfaceOrientations_iPhone = "UIInterfaceOrientationPortrait UIInterfaceOrientationLandscapeLeft UIInterfaceOrientationLandscapeRight";
				LD_RUNPATH_SEARCH_PATHS = (
					"$(inherited)",
					"@executable_path/Frameworks",
				);
				MARKETING_VERSION = 1.0;
				PRODUCT_BUNDLE_IDENTIFIER = "YuriyGoga.Application-to-submit";
				PRODUCT_NAME = "$(TARGET_NAME)";
				SWIFT_EMIT_LOC_STRINGS = YES;
				SWIFT_VERSION = 5.0;
				TARGETED_DEVICE_FAMILY = "1,2";
			};
			name = Release;
		};
/* End XCBuildConfiguration section */

/* Begin XCConfigurationList section */
		9E0D304C29790FD000D96A92 /* Build configuration list for PBXProject "Application-to-submit" */ = {
			isa = XCConfigurationList;
			buildConfigurations = (
				9E0D306329790FD600D96A92 /* Debug */,
				9E0D306429790FD600D96A92 /* Release */,
			);
			defaultConfigurationIsVisible = 0;
			defaultConfigurationName = Release;
		};
		9E0D306529790FD600D96A92 /* Build configuration list for PBXNativeTarget "Application-to-submit" */ = {
			isa = XCConfigurationList;
			buildConfigurations = (
				9E0D306629790FD600D96A92 /* Debug */,
				9E0D306729790FD600D96A92 /* Release */,
			);
			defaultConfigurationIsVisible = 0;
			defaultConfigurationName = Release;
		};
/* End XCConfigurationList section */
	};
	rootObject = 9E0D304929790FD000D96A92 /* Project object */;
}
